// !$*UTF8*$!
{
	archiveVersion = 1;
	classes = {
	};
	objectVersion = 46;
	objects = {

/* Begin PBXBuildFile section */
		FAA4EBA41CF74B5200AB1FF3 /* main.m in Sources */ = {isa = PBXBuildFile; fileRef = FAA4EBA31CF74B5200AB1FF3 /* main.m */; };
		FAA4EBA71CF74B5200AB1FF3 /* AppDelegate.m in Sources */ = {isa = PBXBuildFile; fileRef = FAA4EBA61CF74B5200AB1FF3 /* AppDelegate.m */; };
		FAA4EBAA1CF74B5200AB1FF3 /* ViewController.m in Sources */ = {isa = PBXBuildFile; fileRef = FAA4EBA91CF74B5200AB1FF3 /* ViewController.m */; };
		FAA4EBAD1CF74B5200AB1FF3 /* Main.storyboard in Resources */ = {isa = PBXBuildFile; fileRef = FAA4EBAB1CF74B5200AB1FF3 /* Main.storyboard */; };
		FAA4EBAF1CF74B5200AB1FF3 /* Assets.xcassets in Resources */ = {isa = PBXBuildFile; fileRef = FAA4EBAE1CF74B5200AB1FF3 /* Assets.xcassets */; };
		FAA4EBB21CF74B5200AB1FF3 /* LaunchScreen.storyboard in Resources */ = {isa = PBXBuildFile; fileRef = FAA4EBB01CF74B5200AB1FF3 /* LaunchScreen.storyboard */; };
/* End PBXBuildFile section */

/* Begin PBXFileReference section */
		FAA4EB9F1CF74B5100AB1FF3 /* Calculatron.app */ = {isa = PBXFileReference; explicitFileType = wrapper.application; includeInIndex = 0; path = Calculatron.app; sourceTree = BUILT_PRODUCTS_DIR; };
		FAA4EBA31CF74B5200AB1FF3 /* main.m */ = {isa = PBXFileReference; lastKnownFileType = sourcecode.c.objc; path = main.m; sourceTree = "<group>"; };
		FAA4EBA51CF74B5200AB1FF3 /* AppDelegate.h */ = {isa = PBXFileReference; lastKnownFileType = sourcecode.c.h; path = AppDelegate.h; sourceTree = "<group>"; };
		FAA4EBA61CF74B5200AB1FF3 /* AppDelegate.m */ = {isa = PBXFileReference; lastKnownFileType = sourcecode.c.objc; path = AppDelegate.m; sourceTree = "<group>"; };
		FAA4EBA81CF74B5200AB1FF3 /* ViewController.h */ = {isa = PBXFileReference; lastKnownFileType = sourcecode.c.h; path = ViewController.h; sourceTree = "<group>"; };
		FAA4EBA91CF74B5200AB1FF3 /* ViewController.m */ = {isa = PBXFileReference; lastKnownFileType = sourcecode.c.objc; path = ViewController.m; sourceTree = "<group>"; };
		FAA4EBAC1CF74B5200AB1FF3 /* Base */ = {isa = PBXFileReference; lastKnownFileType = file.storyboard; name = Base; path = Base.lproj/Main.storyboard; sourceTree = "<group>"; };
		FAA4EBAE1CF74B5200AB1FF3 /* Assets.xcassets */ = {isa = PBXFileReference; lastKnownFileType = folder.assetcatalog; path = Assets.xcassets; sourceTree = "<group>"; };
		FAA4EBB11CF74B5200AB1FF3 /* Base */ = {isa = PBXFileReference; lastKnownFileType = file.storyboard; name = Base; path = Base.lproj/LaunchScreen.storyboard; sourceTree = "<group>"; };
		FAA4EBB31CF74B5200AB1FF3 /* Info.plist */ = {isa = PBXFileReference; lastKnownFileType = text.plist.xml; path = Info.plist; sourceTree = "<group>"; };
/* End PBXFileReference section */

/* Begin PBXFrameworksBuildPhase section */
		FAA4EB9C1CF74B5100AB1FF3 /* Frameworks */ = {
			isa = PBXFrameworksBuildPhase;
			buildActionMask = 2147483647;
			files = (
			);
			runOnlyForDeploymentPostprocessing = 0;
		};
/* End PBXFrameworksBuildPhase section */

/* Begin PBXGroup section */
		FAA4EB961CF74B5100AB1FF3 = {
			isa = PBXGroup;
			children = (
				FAA4EBA11CF74B5100AB1FF3 /* Calculatron */,
				FAA4EBA01CF74B5100AB1FF3 /* Products */,
			);
			sourceTree = "<group>";
		};
		FAA4EBA01CF74B5100AB1FF3 /* Products */ = {
			isa = PBXGroup;
			children = (
				FAA4EB9F1CF74B5100AB1FF3 /* Calculatron.app */,
			);
			name = Products;
			sourceTree = "<group>";
		};
		FAA4EBA11CF74B5100AB1FF3 /* Calculatron */ = {
			isa = PBXGroup;
			children = (
				FAA4EBA51CF74B5200AB1FF3 /* AppDelegate.h */,
				FAA4EBA61CF74B5200AB1FF3 /* AppDelegate.m */,
				FAA4EBA81CF74B5200AB1FF3 /* ViewController.h */,
				FAA4EBA91CF74B5200AB1FF3 /* ViewController.m */,
				FAA4EBAB1CF74B5200AB1FF3 /* Main.storyboard */,
				FAA4EBAE1CF74B5200AB1FF3 /* Assets.xcassets */,
				FAA4EBB01CF74B5200AB1FF3 /* LaunchScreen.storyboard */,
				FAA4EBB31CF74B5200AB1FF3 /* Info.plist */,
				FAA4EBA21CF74B5200AB1FF3 /* Supporting Files */,
			);
			path = Calculatron;
			sourceTree = "<group>";
		};
		FAA4EBA21CF74B5200AB1FF3 /* Supporting Files */ = {
			isa = PBXGroup;
			children = (
				FAA4EBA31CF74B5200AB1FF3 /* main.m */,
			);
			name = "Supporting Files";
			sourceTree = "<group>";
		};
/* End PBXGroup section */

/* Begin PBXNativeTarget section */
		FAA4EB9E1CF74B5100AB1FF3 /* Calculatron */ = {
			isa = PBXNativeTarget;
			buildConfigurationList = FAA4EBB61CF74B5200AB1FF3 /* Build configuration list for PBXNativeTarget "Calculatron" */;
			buildPhases = (
				FAA4EB9B1CF74B5100AB1FF3 /* Sources */,
				FAA4EB9C1CF74B5100AB1FF3 /* Frameworks */,
				FAA4EB9D1CF74B5100AB1FF3 /* Resources */,
			);
			buildRules = (
			);
			dependencies = (
			);
			name = Calculatron;
			productName = Calculatron;
			productReference = FAA4EB9F1CF74B5100AB1FF3 /* Calculatron.app */;
			productType = "com.apple.product-type.application";
		};
/* End PBXNativeTarget section */

/* Begin PBXProject section */
		FAA4EB971CF74B5100AB1FF3 /* Project object */ = {
			isa = PBXProject;
			attributes = {
				LastUpgradeCheck = 0730;
				ORGANIZATIONNAME = "Ernie Barojas";
				TargetAttributes = {
					FAA4EB9E1CF74B5100AB1FF3 = {
						CreatedOnToolsVersion = 7.3.1;
						DevelopmentTeam = 2R38GBAXHV;
					};
				};
			};
			buildConfigurationList = FAA4EB9A1CF74B5100AB1FF3 /* Build configuration list for PBXProject "Calculatron" */;
			compatibilityVersion = "Xcode 3.2";
			developmentRegion = English;
			hasScannedForEncodings = 0;
			knownRegions = (
				en,
				Base,
			);
			mainGroup = FAA4EB961CF74B5100AB1FF3;
			productRefGroup = FAA4EBA01CF74B5100AB1FF3 /* Products */;
			projectDirPath = "";
			projectRoot = "";
			targets = (
				FAA4EB9E1CF74B5100AB1FF3 /* Calculatron */,
			);
		};
/* End PBXProject section */

/* Begin PBXResourcesBuildPhase section */
		FAA4EB9D1CF74B5100AB1FF3 /* Resources */ = {
			isa = PBXResourcesBuildPhase;
			buildActionMask = 2147483647;
			files = (
				FAA4EBB21CF74B5200AB1FF3 /* LaunchScreen.storyboard in Resources */,
				FAA4EBAF1CF74B5200AB1FF3 /* Assets.xcassets in Resources */,
				FAA4EBAD1CF74B5200AB1FF3 /* Main.storyboard in Resources */,
			);
			runOnlyForDeploymentPostprocessing = 0;
		};
/* End PBXResourcesBuildPhase section */

/* Begin PBXSourcesBuildPhase section */
		FAA4EB9B1CF74B5100AB1FF3 /* Sources */ = {
			isa = PBXSourcesBuildPhase;
			buildActionMask = 2147483647;
			files = (
				FAA4EBAA1CF74B5200AB1FF3 /* ViewController.m in Sources */,
				FAA4EBA71CF74B5200AB1FF3 /* AppDelegate.m in Sources */,
				FAA4EBA41CF74B5200AB1FF3 /* main.m in Sources */,
			);
			runOnlyForDeploymentPostprocessing = 0;
		};
/* End PBXSourcesBuildPhase section */

/* Begin PBXVariantGroup section */
		FAA4EBAB1CF74B5200AB1FF3 /* Main.storyboard */ = {
			isa = PBXVariantGroup;
			children = (
				FAA4EBAC1CF74B5200AB1FF3 /* Base */,
			);
			name = Main.storyboard;
			sourceTree = "<group>";
		};
		FAA4EBB01CF74B5200AB1FF3 /* LaunchScreen.storyboard */ = {
			isa = PBXVariantGroup;
			children = (
				FAA4EBB11CF74B5200AB1FF3 /* Base */,
			);
			name = LaunchScreen.storyboard;
			sourceTree = "<group>";
		};
/* End PBXVariantGroup section */

/* Begin XCBuildConfiguration section */
		FAA4EBB41CF74B5200AB1FF3 /* Debug */ = {
			isa = XCBuildConfiguration;
			buildSettings = {
				ALWAYS_SEARCH_USER_PATHS = NO;
				CLANG_ANALYZER_NONNULL = YES;
				CLANG_CXX_LANGUAGE_STANDARD = "gnu++0x";
				CLANG_CXX_LIBRARY = "libc++";
				CLANG_ENABLE_MODULES = YES;
				CLANG_ENABLE_OBJC_ARC = YES;
				CLANG_WARN_BOOL_CONVERSION = YES;
				CLANG_WARN_CONSTANT_CONVERSION = YES;
				CLANG_WARN_DIRECT_OBJC_ISA_USAGE = YES_ERROR;
				CLANG_WARN_EMPTY_BODY = YES;
				CLANG_WARN_ENUM_CONVERSION = YES;
				CLANG_WARN_INT_CONVERSION = YES;
				CLANG_WARN_OBJC_ROOT_CLASS = YES_ERROR;
				CLANG_WARN_UNREACHABLE_CODE = YES;
				CLANG_WARN__DUPLICATE_METHOD_MATCH = YES;
				"CODE_SIGN_IDENTITY[sdk=iphoneos*]" = "iPhone Developer";
				COPY_PHASE_STRIP = NO;
				DEBUG_INFORMATION_FORMAT = dwarf;
				ENABLE_STRICT_OBJC_MSGSEND = YES;
				ENABLE_TESTABILITY = YES;
				GCC_C_LANGUAGE_STANDARD = gnu99;
				GCC_DYNAMIC_NO_PIC = NO;
				GCC_NO_COMMON_BLOCKS = YES;
				GCC_OPTIMIZATION_LEVEL = 0;
				GCC_PREPROCESSOR_DEFINITIONS = (
					"DEBUG=1",
					"$(inherited)",
				);
				GCC_WARN_64_TO_32_BIT_CONVERSION = YES;
				GCC_WARN_ABOUT_RETURN_TYPE = YES_ERROR;
				GCC_WARN_UNDECLARED_SELECTOR = YES;
				GCC_WARN_UNINITIALIZED_AUTOS = YES_AGGRESSIVE;
				GCC_WARN_UNUSED_FUNCTION = YES;
				GCC_WARN_UNUSED_VARIABLE = YES;
				IPHONEOS_DEPLOYMENT_TARGET = 9.3;
				MTL_ENABLE_DEBUG_INFO = YES;
				ONLY_ACTIVE_ARCH = YES;
				SDKROOT = iphoneos;
				TARGETED_DEVICE_FAMILY = "1,2";
			};
			name = Debug;
		};
		FAA4EBB51CF74B5200AB1FF3 /* Release */ = {
			isa = XCBuildConfiguration;
			buildSettings = {
				ALWAYS_SEARCH_USER_PATHS = NO;
				CLANG_ANALYZER_NONNULL = YES;
				CLANG_CXX_LANGUAGE_STANDARD = "gnu++0x";
				CLANG_CXX_LIBRARY = "libc++";
				CLANG_ENABLE_MODULES = YES;
				CLANG_ENABLE_OBJC_ARC = YES;
				CLANG_WARN_BOOL_CONVERSION = YES;
				CLANG_WARN_CONSTANT_CONVERSION = YES;
				CLANG_WARN_DIRECT_OBJC_ISA_USAGE = YES_ERROR;
				CLANG_WARN_EMPTY_BODY = YES;
				CLANG_WARN_ENUM_CONVERSION = YES;
				CLANG_WARN_INT_CONVERSION = YES;
				CLANG_WARN_OBJC_ROOT_CLASS = YES_ERROR;
				CLANG_WARN_UNREACHABLE_CODE = YES;
				CLANG_WARN__DUPLICATE_METHOD_MATCH = YES;
				"CODE_SIGN_IDENTITY[sdk=iphoneos*]" = "iPhone Developer";
				COPY_PHASE_STRIP = NO;
				DEBUG_INFORMATION_FORMAT = "dwarf-with-dsym";
				ENABLE_NS_ASSERTIONS = NO;
				ENABLE_STRICT_OBJC_MSGSEND = YES;
				GCC_C_LANGUAGE_STANDARD = gnu99;
				GCC_NO_COMMON_BLOCKS = YES;
				GCC_WARN_64_TO_32_BIT_CONVERSION = YES;
				GCC_WARN_ABOUT_RETURN_TYPE = YES_ERROR;
				GCC_WARN_UNDECLARED_SELECTOR = YES;
				GCC_WARN_UNINITIALIZED_AUTOS = YES_AGGRESSIVE;
				GCC_WARN_UNUSED_FUNCTION = YES;
				GCC_WARN_UNUSED_VARIABLE = YES;
				IPHONEOS_DEPLOYMENT_TARGET = 9.3;
				MTL_ENABLE_DEBUG_INFO = NO;
				SDKROOT = iphoneos;
				TARGETED_DEVICE_FAMILY = "1,2";
				VALIDATE_PRODUCT = YES;
			};
			name = Release;
		};
		FAA4EBB71CF74B5200AB1FF3 /* Debug */ = {
			isa = XCBuildConfiguration;
			buildSettings = {
				ASSETCATALOG_COMPILER_APPICON_NAME = AppIcon;
				INFOPLIST_FILE = Calculatron/Info.plist;
				LD_RUNPATH_SEARCH_PATHS = "$(inherited) @executable_path/Frameworks";
				PRODUCT_BUNDLE_IDENTIFIER = com.erniebarojas.Calculatron;
				PRODUCT_NAME = "$(TARGET_NAME)";
			};
			name = Debug;
		};
		FAA4EBB81CF74B5200AB1FF3 /* Release */ = {
			isa = XCBuildConfiguration;
			buildSettings = {
				ASSETCATALOG_COMPILER_APPICON_NAME = AppIcon;
				INFOPLIST_FILE = Calculatron/Info.plist;
				LD_RUNPATH_SEARCH_PATHS = "$(inherited) @executable_path/Frameworks";
				PRODUCT_BUNDLE_IDENTIFIER = com.erniebarojas.Calculatron;
				PRODUCT_NAME = "$(TARGET_NAME)";
			};
			name = Release;
		};
/* End XCBuildConfiguration section */

/* Begin XCConfigurationList section */
		FAA4EB9A1CF74B5100AB1FF3 /* Build configuration list for PBXProject "Calculatron" */ = {
			isa = XCConfigurationList;
			buildConfigurations = (
				FAA4EBB41CF74B5200AB1FF3 /* Debug */,
				FAA4EBB51CF74B5200AB1FF3 /* Release */,
			);
			defaultConfigurationIsVisible = 0;
			defaultConfigurationName = Release;
		};
		FAA4EBB61CF74B5200AB1FF3 /* Build configuration list for PBXNativeTarget "Calculatron" */ = {
			isa = XCConfigurationList;
			buildConfigurations = (
				FAA4EBB71CF74B5200AB1FF3 /* Debug */,
				FAA4EBB81CF74B5200AB1FF3 /* Release */,
			);
			defaultConfigurationIsVisible = 0;
		};
/* End XCConfigurationList section */
	};
	rootObject = FAA4EB971CF74B5100AB1FF3 /* Project object */;
}
